
Microsoft Visual Studio Solution File, Format Version 12.00
# Visual Studio Version 17
VisualStudioVersion = 17.0.31903.59
MinimumVisualStudioVersion = 10.0.40219.1
Project("{FAE04EC0-301F-11D3-BF4B-00C04F79EFBC}") = "AIDungeonMaster", "AIDungeonMaster.csproj", "{519BBFD2-5E37-417B-9421-357A24FEB4B5}"
EndProject
Project("{FAE04EC0-301F-11D3-BF4B-00C04F79EFBC}") = "AIDungeonMaster.Desktop", "src\AIDungeonMaster.Desktop\AIDungeonMaster.Desktop.csproj", "{AA3647A7-C7CD-48D3-8E87-3F05F398DFD3}"
EndProject
Project("{FAE04EC0-301F-11D3-BF4B-00C04F79EFBC}") = "AIDungeonMaster.Tests", "tests\AIDungeonMaster.Tests\AIDungeonMaster.Tests.csproj", "{694156B4-0D8D-408F-BDB5-98C1FA09BBCC}"
EndProject
Global
	GlobalSection(SolutionConfigurationPlatforms) = preSolution
		Debug|Any CPU = Debug|Any CPU
		Release|Any CPU = Release|Any CPU
	EndGlobalSection
	GlobalSection(ProjectConfigurationPlatforms) = postSolution
		{519BBFD2-5E37-417B-9421-357A24FEB4B5}.Debug|Any CPU.ActiveCfg = Debug|Any CPU
		{519BBFD2-5E37-417B-9421-357A24FEB4B5}.Debug|Any CPU.Build.0 = Debug|Any CPU
		{519BBFD2-5E37-417B-9421-357A24FEB4B5}.Release|Any CPU.ActiveCfg = Release|Any CPU
		{519BBFD2-5E37-417B-9421-357A24FEB4B5}.Release|Any CPU.Build.0 = Release|Any CPU
		{AA3647A7-C7CD-48D3-8E87-3F05F398DFD3}.Debug|Any CPU.ActiveCfg = Debug|Any CPU
		{AA3647A7-C7CD-48D3-8E87-3F05F398DFD3}.Debug|Any CPU.Build.0 = Debug|Any CPU
		{AA3647A7-C7CD-48D3-8E87-3F05F398DFD3}.Release|Any CPU.ActiveCfg = Release|Any CPU
		{AA3647A7-C7CD-48D3-8E87-3F05F398DFD3}.Release|Any CPU.Build.0 = Release|Any CPU
		{694156B4-0D8D-408F-BDB5-98C1FA09BBCC}.Debug|Any CPU.ActiveCfg = Debug|Any CPU
		{694156B4-0D8D-408F-BDB5-98C1FA09BBCC}.Debug|Any CPU.Build.0 = Debug|Any CPU
		{694156B4-0D8D-408F-BDB5-98C1FA09BBCC}.Release|Any CPU.ActiveCfg = Release|Any CPU
		{694156B4-0D8D-408F-BDB5-98C1FA09BBCC}.Release|Any CPU.Build.0 = Release|Any CPU
	EndGlobalSection
EndGlobal
